
Microsoft Visual Studio Solution File, Format Version 12.00
Project("{FAE04EC0-301F-11D3-BF4B-00C04F79EFBC}") = "Organizer.Web", "Organizer.Web\Organizer.Web.csproj", "{26A23E8B-22DB-48BB-A101-2D333575B30C}"
EndProject
Project("{2150E333-8FDC-42A3-9474-1A3956D46DE8}") = "Domain", "Domain", "{A1C477AE-5A13-4BE6-8C89-F8AF5F61CC45}"
EndProject
Project("{2150E333-8FDC-42A3-9474-1A3956D46DE8}") = "Presentation", "Presentation", "{D995FCFC-7F8E-4722-902F-D5C826988F44}"
EndProject
Project("{FAE04EC0-301F-11D3-BF4B-00C04F79EFBC}") = "Organizer.Admin", "Organizer.Admin\Organizer.Admin.csproj", "{0E05EE2F-D8B9-414E-8194-08A2EF238930}"
EndProject
Project("{2150E333-8FDC-42A3-9474-1A3956D46DE8}") = "Application", "Application", "{D221EE8D-D56F-4701-9B31-010E6BCD67D8}"
EndProject
Project("{2150E333-8FDC-42A3-9474-1A3956D46DE8}") = "Infrastructure", "Infrastructure", "{6A2FB523-919E-4F3C-8C80-D82C1074E332}"
EndProject
Project("{FAE04EC0-301F-11D3-BF4B-00C04F79EFBC}") = "Organizer.Application", "Organizer.Application\Organizer.Application.csproj", "{3045FAB1-2FC9-45FE-8D47-CA39531F4BD8}"
EndProject
Project("{FAE04EC0-301F-11D3-BF4B-00C04F79EFBC}") = "Organizer.Domain", "Organizer.Domain\Organizer.Domain.csproj", "{C19769A5-CA74-4E40-A2B0-4EE3771906E3}"
EndProject
Project("{FAE04EC0-301F-11D3-BF4B-00C04F79EFBC}") = "Organizer.Domain.Core", "Organizer.Domain.Core\Organizer.Domain.Core.csproj", "{E3F27137-15A7-4233-A84C-A82037E54D5F}"
EndProject
Project("{FAE04EC0-301F-11D3-BF4B-00C04F79EFBC}") = "Shared", "Shared\Shared.csproj", "{1FBB96DA-0B1D-4791-B63A-64FF72DB2EB5}"
EndProject
Project("{2150E333-8FDC-42A3-9474-1A3956D46DE8}") = "Crosscutting", "Crosscutting", "{A67EACD3-9AB4-4FF0-BC08-1F5A37F083CE}"
EndProject
Project("{FAE04EC0-301F-11D3-BF4B-00C04F79EFBC}") = "Organizer.Crosscutting.Bus", "Organizer.Crosscutting.Bus\Organizer.Crosscutting.Bus.csproj", "{EAE932B4-86C1-4B21-9DAA-838089741389}"
EndProject
Project("{FAE04EC0-301F-11D3-BF4B-00C04F79EFBC}") = "Organizer.Crosscutting.IoC", "Organizer.Crosscutting.IoC\Organizer.Crosscutting.IoC.csproj", "{EF9A9A91-69FE-4F99-8101-ED95F4DE6377}"
EndProject
Project("{FAE04EC0-301F-11D3-BF4B-00C04F79EFBC}") = "Organizer.Crosscutting.Mail", "Organizer.Crosscutting.Mail\Organizer.Crosscutting.Mail.csproj", "{78787299-9802-48ED-89C3-AEE28D638027}"
EndProject
Project("{FAE04EC0-301F-11D3-BF4B-00C04F79EFBC}") = "Organizer.Data", "Organizer\Organizer.Data.csproj", "{ED30BB7E-977D-49CA-884F-E703B4BF8C14}"
EndProject
Project("{FAE04EC0-301F-11D3-BF4B-00C04F79EFBC}") = "Organizer.Services", "Organizer.Services\Organizer.Services.csproj", "{666B0CBC-2AF8-4862-94A9-0E83346A71BA}"
EndProject
Project("{FAE04EC0-301F-11D3-BF4B-00C04F79EFBC}") = "Web.Core", "Web.Core\Web.Core.csproj", "{A7F3C79D-1C2E-4603-A4A7-2EFE75B97B15}"
EndProject
Global
	GlobalSection(SolutionConfigurationPlatforms) = preSolution
		Debug|Any CPU = Debug|Any CPU
		Release|Any CPU = Release|Any CPU
	EndGlobalSection
	GlobalSection(ProjectConfigurationPlatforms) = postSolution
		{26A23E8B-22DB-48BB-A101-2D333575B30C}.Debug|Any CPU.ActiveCfg = Debug|Any CPU
		{26A23E8B-22DB-48BB-A101-2D333575B30C}.Debug|Any CPU.Build.0 = Debug|Any CPU
		{26A23E8B-22DB-48BB-A101-2D333575B30C}.Release|Any CPU.ActiveCfg = Release|Any CPU
		{26A23E8B-22DB-48BB-A101-2D333575B30C}.Release|Any CPU.Build.0 = Release|Any CPU
		{0E05EE2F-D8B9-414E-8194-08A2EF238930}.Debug|Any CPU.ActiveCfg = Debug|Any CPU
		{0E05EE2F-D8B9-414E-8194-08A2EF238930}.Debug|Any CPU.Build.0 = Debug|Any CPU
		{0E05EE2F-D8B9-414E-8194-08A2EF238930}.Release|Any CPU.ActiveCfg = Release|Any CPU
		{0E05EE2F-D8B9-414E-8194-08A2EF238930}.Release|Any CPU.Build.0 = Release|Any CPU
		{3045FAB1-2FC9-45FE-8D47-CA39531F4BD8}.Debug|Any CPU.ActiveCfg = Debug|Any CPU
		{3045FAB1-2FC9-45FE-8D47-CA39531F4BD8}.Debug|Any CPU.Build.0 = Debug|Any CPU
		{3045FAB1-2FC9-45FE-8D47-CA39531F4BD8}.Release|Any CPU.ActiveCfg = Release|Any CPU
		{3045FAB1-2FC9-45FE-8D47-CA39531F4BD8}.Release|Any CPU.Build.0 = Release|Any CPU
		{C19769A5-CA74-4E40-A2B0-4EE3771906E3}.Debug|Any CPU.ActiveCfg = Debug|Any CPU
		{C19769A5-CA74-4E40-A2B0-4EE3771906E3}.Debug|Any CPU.Build.0 = Debug|Any CPU
		{C19769A5-CA74-4E40-A2B0-4EE3771906E3}.Release|Any CPU.ActiveCfg = Release|Any CPU
		{C19769A5-CA74-4E40-A2B0-4EE3771906E3}.Release|Any CPU.Build.0 = Release|Any CPU
		{E3F27137-15A7-4233-A84C-A82037E54D5F}.Debug|Any CPU.ActiveCfg = Debug|Any CPU
		{E3F27137-15A7-4233-A84C-A82037E54D5F}.Debug|Any CPU.Build.0 = Debug|Any CPU
		{E3F27137-15A7-4233-A84C-A82037E54D5F}.Release|Any CPU.ActiveCfg = Release|Any CPU
		{E3F27137-15A7-4233-A84C-A82037E54D5F}.Release|Any CPU.Build.0 = Release|Any CPU
		{1FBB96DA-0B1D-4791-B63A-64FF72DB2EB5}.Debug|Any CPU.ActiveCfg = Debug|Any CPU
		{1FBB96DA-0B1D-4791-B63A-64FF72DB2EB5}.Debug|Any CPU.Build.0 = Debug|Any CPU
		{1FBB96DA-0B1D-4791-B63A-64FF72DB2EB5}.Release|Any CPU.ActiveCfg = Release|Any CPU
		{1FBB96DA-0B1D-4791-B63A-64FF72DB2EB5}.Release|Any CPU.Build.0 = Release|Any CPU
		{EAE932B4-86C1-4B21-9DAA-838089741389}.Debug|Any CPU.ActiveCfg = Debug|Any CPU
		{EAE932B4-86C1-4B21-9DAA-838089741389}.Debug|Any CPU.Build.0 = Debug|Any CPU
		{EAE932B4-86C1-4B21-9DAA-838089741389}.Release|Any CPU.ActiveCfg = Release|Any CPU
		{EAE932B4-86C1-4B21-9DAA-838089741389}.Release|Any CPU.Build.0 = Release|Any CPU
		{EF9A9A91-69FE-4F99-8101-ED95F4DE6377}.Debug|Any CPU.ActiveCfg = Debug|Any CPU
		{EF9A9A91-69FE-4F99-8101-ED95F4DE6377}.Debug|Any CPU.Build.0 = Debug|Any CPU
		{EF9A9A91-69FE-4F99-8101-ED95F4DE6377}.Release|Any CPU.ActiveCfg = Release|Any CPU
		{EF9A9A91-69FE-4F99-8101-ED95F4DE6377}.Release|Any CPU.Build.0 = Release|Any CPU
		{78787299-9802-48ED-89C3-AEE28D638027}.Debug|Any CPU.ActiveCfg = Debug|Any CPU
		{78787299-9802-48ED-89C3-AEE28D638027}.Debug|Any CPU.Build.0 = Debug|Any CPU
		{78787299-9802-48ED-89C3-AEE28D638027}.Release|Any CPU.ActiveCfg = Release|Any CPU
		{78787299-9802-48ED-89C3-AEE28D638027}.Release|Any CPU.Build.0 = Release|Any CPU
		{ED30BB7E-977D-49CA-884F-E703B4BF8C14}.Debug|Any CPU.ActiveCfg = Debug|Any CPU
		{ED30BB7E-977D-49CA-884F-E703B4BF8C14}.Debug|Any CPU.Build.0 = Debug|Any CPU
		{ED30BB7E-977D-49CA-884F-E703B4BF8C14}.Release|Any CPU.ActiveCfg = Release|Any CPU
		{ED30BB7E-977D-49CA-884F-E703B4BF8C14}.Release|Any CPU.Build.0 = Release|Any CPU
		{666B0CBC-2AF8-4862-94A9-0E83346A71BA}.Debug|Any CPU.ActiveCfg = Debug|Any CPU
		{666B0CBC-2AF8-4862-94A9-0E83346A71BA}.Debug|Any CPU.Build.0 = Debug|Any CPU
		{666B0CBC-2AF8-4862-94A9-0E83346A71BA}.Release|Any CPU.ActiveCfg = Release|Any CPU
		{666B0CBC-2AF8-4862-94A9-0E83346A71BA}.Release|Any CPU.Build.0 = Release|Any CPU
		{A7F3C79D-1C2E-4603-A4A7-2EFE75B97B15}.Debug|Any CPU.ActiveCfg = Debug|Any CPU
		{A7F3C79D-1C2E-4603-A4A7-2EFE75B97B15}.Debug|Any CPU.Build.0 = Debug|Any CPU
		{A7F3C79D-1C2E-4603-A4A7-2EFE75B97B15}.Release|Any CPU.ActiveCfg = Release|Any CPU
		{A7F3C79D-1C2E-4603-A4A7-2EFE75B97B15}.Release|Any CPU.Build.0 = Release|Any CPU
	EndGlobalSection
	GlobalSection(NestedProjects) = preSolution
		{26A23E8B-22DB-48BB-A101-2D333575B30C} = {D995FCFC-7F8E-4722-902F-D5C826988F44}
		{0E05EE2F-D8B9-414E-8194-08A2EF238930} = {D995FCFC-7F8E-4722-902F-D5C826988F44}
		{3045FAB1-2FC9-45FE-8D47-CA39531F4BD8} = {D221EE8D-D56F-4701-9B31-010E6BCD67D8}
		{C19769A5-CA74-4E40-A2B0-4EE3771906E3} = {A1C477AE-5A13-4BE6-8C89-F8AF5F61CC45}
		{E3F27137-15A7-4233-A84C-A82037E54D5F} = {A1C477AE-5A13-4BE6-8C89-F8AF5F61CC45}
		{1FBB96DA-0B1D-4791-B63A-64FF72DB2EB5} = {A1C477AE-5A13-4BE6-8C89-F8AF5F61CC45}
		{A67EACD3-9AB4-4FF0-BC08-1F5A37F083CE} = {6A2FB523-919E-4F3C-8C80-D82C1074E332}
		{EAE932B4-86C1-4B21-9DAA-838089741389} = {A67EACD3-9AB4-4FF0-BC08-1F5A37F083CE}
		{EF9A9A91-69FE-4F99-8101-ED95F4DE6377} = {A67EACD3-9AB4-4FF0-BC08-1F5A37F083CE}
		{78787299-9802-48ED-89C3-AEE28D638027} = {A67EACD3-9AB4-4FF0-BC08-1F5A37F083CE}
		{ED30BB7E-977D-49CA-884F-E703B4BF8C14} = {6A2FB523-919E-4F3C-8C80-D82C1074E332}
		{666B0CBC-2AF8-4862-94A9-0E83346A71BA} = {6A2FB523-919E-4F3C-8C80-D82C1074E332}
		{A7F3C79D-1C2E-4603-A4A7-2EFE75B97B15} = {6A2FB523-919E-4F3C-8C80-D82C1074E332}
	EndGlobalSection
EndGlobal
